
Microsoft Visual Studio Solution File, Format Version 12.00
# Visual Studio Version 17
VisualStudioVersion = 17.7.34009.444
MinimumVisualStudioVersion = 10.0.40219.1
Project("{9A19103F-16F7-4668-BE54-9A1E7A4F7556}") = "Interfaces", "Course17Exerc\Interfaces.csproj", "{EADB01E3-E43C-4571-8291-BC2F7969EC41}"
EndProject
Global
	GlobalSection(SolutionConfigurationPlatforms) = preSolution
		Debug|Any CPU = Debug|Any CPU
		Release|Any CPU = Release|Any CPU
	EndGlobalSection
	GlobalSection(ProjectConfigurationPlatforms) = postSolution
		{EADB01E3-E43C-4571-8291-BC2F7969EC41}.Debug|Any CPU.ActiveCfg = Debug|Any CPU
		{EADB01E3-E43C-4571-8291-BC2F7969EC41}.Debug|Any CPU.Build.0 = Debug|Any CPU
		{EADB01E3-E43C-4571-8291-BC2F7969EC41}.Release|Any CPU.ActiveCfg = Release|Any CPU
		{EADB01E3-E43C-4571-8291-BC2F7969EC41}.Release|Any CPU.Build.0 = Release|Any CPU
	EndGlobalSection
	GlobalSection(SolutionProperties) = preSolution
		HideSolutionNode = FALSE
	EndGlobalSection
	GlobalSection(ExtensibilityGlobals) = postSolution
		SolutionGuid = {B40C233A-1029-4D9E-9D8A-38A9ECF5295E}
	EndGlobalSection
EndGlobal
